
Microsoft Visual Studio Solution File, Format Version 12.00
# Visual Studio Version 17
VisualStudioVersion = 17.10.35122.118
MinimumVisualStudioVersion = 10.0.40219.1
Project("{9A19103F-16F7-4668-BE54-9A1E7A4F7556}") = "Framework", "Framework\Framework.csproj", "{C6E1ABB6-6404-48B7-A358-DF210E2A9F33}"
EndProject
Project("{9A19103F-16F7-4668-BE54-9A1E7A4F7556}") = "PowerSupply.Abstract", "PowerSupply.Abstract\PowerSupply.Abstract.csproj", "{049CF91A-453C-4ED9-AE05-50F7F6940973}"
EndProject
Project("{9A19103F-16F7-4668-BE54-9A1E7A4F7556}") = "PowerSupply.General", "PowerSupply.General\PowerSupply.General.csproj", "{73C38474-F10A-4F50-9488-0DA00E849BE9}"
EndProject
Project("{9A19103F-16F7-4668-BE54-9A1E7A4F7556}") = "Device.Interface", "Device.Interface\Device.Interface.csproj", "{D95058B6-CC8A-43F2-9895-A450612FEC42}"
EndProject
Project("{9A19103F-16F7-4668-BE54-9A1E7A4F7556}") = "Device.Ui", "Device.Ui\Device.Ui.csproj", "{33B54412-8D42-4FD7-8424-997E8E5C8759}"
EndProject
Project("{9A19103F-16F7-4668-BE54-9A1E7A4F7556}") = "TextValidator.Ui", "TextValidator.Ui\TextValidator.Ui.csproj", "{1D681016-BF8D-490A-9034-0F103AEC60EC}"
EndProject
Project("{9A19103F-16F7-4668-BE54-9A1E7A4F7556}") = "DeviceParam.Ui", "DeviceParam.Ui\DeviceParam.Ui.csproj", "{45A7709E-CC54-4231-ABBA-AD42AC1FADFC}"
EndProject
Project("{9A19103F-16F7-4668-BE54-9A1E7A4F7556}") = "PowerSupply.Factory", "PowerSupply.Factory\PowerSupply.Factory.csproj", "{38256CB1-E631-4CA0-8F16-32B0516BBF1D}"
EndProject
Project("{9A19103F-16F7-4668-BE54-9A1E7A4F7556}") = "PowerSupply.App", "PowerSupply.App\PowerSupply.App.csproj", "{18768CCA-6160-4AC6-857E-9BA66AC95B81}"
EndProject
Project("{9A19103F-16F7-4668-BE54-9A1E7A4F7556}") = "PowerSupply.General.UnitTest", "PowerSupply.General.UnitTest\PowerSupply.General.UnitTest.csproj", "{0F68C48B-C0E6-4C70-BB75-EA03079B735E}"
EndProject
Project("{FAE04EC0-301F-11D3-BF4B-00C04F79EFBC}") = "DummyDevice.Abstract", "DummyDevice.Abstract\DummyDevice.Abstract.csproj", "{51612A97-D7E1-43FC-A5BC-D3131ED84EA6}"
EndProject
Project("{FAE04EC0-301F-11D3-BF4B-00C04F79EFBC}") = "DummyDevice.General", "DummyDevice.General\DummyDevice.General.csproj", "{8B0CD813-C88D-4298-8786-A2D78C8BF742}"
EndProject
Project("{FAE04EC0-301F-11D3-BF4B-00C04F79EFBC}") = "DummyDevice.Factory", "DummyDevice.Factory\DummyDevice.Factory.csproj", "{9669BBF4-9EFD-40C9-AE79-015029C81A06}"
EndProject
Project("{FAE04EC0-301F-11D3-BF4B-00C04F79EFBC}") = "Probe.Abstract", "Probe.Abstract\Probe.Abstract.csproj", "{601CBAEA-F261-4B41-878C-FC48DF3079D9}"
EndProject
Project("{FAE04EC0-301F-11D3-BF4B-00C04F79EFBC}") = "Probe.General", "Probe.General\Probe.General.csproj", "{C5E5BFAD-66C1-483B-96F6-071D0217F4CD}"
EndProject
Project("{FAE04EC0-301F-11D3-BF4B-00C04F79EFBC}") = "Probe.Factory", "Probe.Factory\Probe.Factory.csproj", "{0BA47020-EEE1-4F2D-8F91-300B7F959C68}"
EndProject
Project("{FAE04EC0-301F-11D3-BF4B-00C04F79EFBC}") = "Probe.App", "Probe.App\Probe.App.csproj", "{28CF4B6C-CA81-46A8-A6EB-8754FA882C4A}"
EndProject
Project("{FAE04EC0-301F-11D3-BF4B-00C04F79EFBC}") = "Master.Abstract", "Master.Abstract\Master.Abstract.csproj", "{25D9B18E-B792-44CC-9E6B-A74E598B1137}"
EndProject
Project("{FAE04EC0-301F-11D3-BF4B-00C04F79EFBC}") = "Master.Uptp", "Master.Uptp\Master.Uptp.csproj", "{12D42633-AC95-4D5B-A7E8-73C70B9685A4}"
EndProject
Project("{FAE04EC0-301F-11D3-BF4B-00C04F79EFBC}") = "Toolbox", "Toolbox\Toolbox.csproj", "{34ABE7E6-6108-4954-A54B-F2D785053EB1}"
EndProject
Project("{FAE04EC0-301F-11D3-BF4B-00C04F79EFBC}") = "Master.Factory", "Master.Factory\Master.Factory.csproj", "{422E3B18-B078-4661-AE9C-6E65B4C7A5E3}"
EndProject
Project("{FAE04EC0-301F-11D3-BF4B-00C04F79EFBC}") = "Master.App", "Master.App\Master.App.csproj", "{CCB55183-EAAA-45B8-807E-33B657F0B5BE}"
EndProject
Project("{FAE04EC0-301F-11D3-BF4B-00C04F79EFBC}") = "Master.IoLink", "Master.IoLink\Master.IoLink.csproj", "{7D9928EC-62EB-4C39-A527-EA6744CEB61E}"
EndProject
Project("{FAE04EC0-301F-11D3-BF4B-00C04F79EFBC}") = "Motor.Abstract", "Motor.Abstract\Motor.Abstract.csproj", "{66AA1508-E947-4A80-B173-7791F2C8EE67}"
EndProject
Project("{FAE04EC0-301F-11D3-BF4B-00C04F79EFBC}") = "Motor.General", "Motor.General\Motor.General.csproj", "{55B10366-A432-4F7C-BBE9-63C5B4499063}"
EndProject
Project("{FAE04EC0-301F-11D3-BF4B-00C04F79EFBC}") = "Motor.Factory", "Motor.Factory\Motor.Factory.csproj", "{DF4582DC-946D-485C-AB6A-E7DAC1CCB8A2}"
EndProject
Project("{FAE04EC0-301F-11D3-BF4B-00C04F79EFBC}") = "Daq.Abstract", "Daq.Abstract\Daq.Abstract.csproj", "{3954C523-3BB4-4E09-BABC-428F824641F1}"
EndProject
Global
	GlobalSection(SolutionConfigurationPlatforms) = preSolution
		Debug|Any CPU = Debug|Any CPU
		Release|Any CPU = Release|Any CPU
	EndGlobalSection
	GlobalSection(ProjectConfigurationPlatforms) = postSolution
		{C6E1ABB6-6404-48B7-A358-DF210E2A9F33}.Debug|Any CPU.ActiveCfg = Debug|Any CPU
		{C6E1ABB6-6404-48B7-A358-DF210E2A9F33}.Debug|Any CPU.Build.0 = Debug|Any CPU
		{C6E1ABB6-6404-48B7-A358-DF210E2A9F33}.Release|Any CPU.ActiveCfg = Release|Any CPU
		{C6E1ABB6-6404-48B7-A358-DF210E2A9F33}.Release|Any CPU.Build.0 = Release|Any CPU
		{049CF91A-453C-4ED9-AE05-50F7F6940973}.Debug|Any CPU.ActiveCfg = Debug|Any CPU
		{049CF91A-453C-4ED9-AE05-50F7F6940973}.Debug|Any CPU.Build.0 = Debug|Any CPU
		{049CF91A-453C-4ED9-AE05-50F7F6940973}.Release|Any CPU.ActiveCfg = Release|Any CPU
		{049CF91A-453C-4ED9-AE05-50F7F6940973}.Release|Any CPU.Build.0 = Release|Any CPU
		{73C38474-F10A-4F50-9488-0DA00E849BE9}.Debug|Any CPU.ActiveCfg = Debug|Any CPU
		{73C38474-F10A-4F50-9488-0DA00E849BE9}.Debug|Any CPU.Build.0 = Debug|Any CPU
		{73C38474-F10A-4F50-9488-0DA00E849BE9}.Release|Any CPU.ActiveCfg = Release|Any CPU
		{73C38474-F10A-4F50-9488-0DA00E849BE9}.Release|Any CPU.Build.0 = Release|Any CPU
		{D95058B6-CC8A-43F2-9895-A450612FEC42}.Debug|Any CPU.ActiveCfg = Debug|Any CPU
		{D95058B6-CC8A-43F2-9895-A450612FEC42}.Debug|Any CPU.Build.0 = Debug|Any CPU
		{D95058B6-CC8A-43F2-9895-A450612FEC42}.Release|Any CPU.ActiveCfg = Release|Any CPU
		{D95058B6-CC8A-43F2-9895-A450612FEC42}.Release|Any CPU.Build.0 = Release|Any CPU
		{33B54412-8D42-4FD7-8424-997E8E5C8759}.Debug|Any CPU.ActiveCfg = Debug|Any CPU
		{33B54412-8D42-4FD7-8424-997E8E5C8759}.Debug|Any CPU.Build.0 = Debug|Any CPU
		{33B54412-8D42-4FD7-8424-997E8E5C8759}.Release|Any CPU.ActiveCfg = Release|Any CPU
		{33B54412-8D42-4FD7-8424-997E8E5C8759}.Release|Any CPU.Build.0 = Release|Any CPU
		{1D681016-BF8D-490A-9034-0F103AEC60EC}.Debug|Any CPU.ActiveCfg = Debug|Any CPU
		{1D681016-BF8D-490A-9034-0F103AEC60EC}.Debug|Any CPU.Build.0 = Debug|Any CPU
		{1D681016-BF8D-490A-9034-0F103AEC60EC}.Release|Any CPU.ActiveCfg = Release|Any CPU
		{1D681016-BF8D-490A-9034-0F103AEC60EC}.Release|Any CPU.Build.0 = Release|Any CPU
		{45A7709E-CC54-4231-ABBA-AD42AC1FADFC}.Debug|Any CPU.ActiveCfg = Debug|Any CPU
		{45A7709E-CC54-4231-ABBA-AD42AC1FADFC}.Debug|Any CPU.Build.0 = Debug|Any CPU
		{45A7709E-CC54-4231-ABBA-AD42AC1FADFC}.Release|Any CPU.ActiveCfg = Release|Any CPU
		{45A7709E-CC54-4231-ABBA-AD42AC1FADFC}.Release|Any CPU.Build.0 = Release|Any CPU
		{38256CB1-E631-4CA0-8F16-32B0516BBF1D}.Debug|Any CPU.ActiveCfg = Debug|Any CPU
		{38256CB1-E631-4CA0-8F16-32B0516BBF1D}.Debug|Any CPU.Build.0 = Debug|Any CPU
		{38256CB1-E631-4CA0-8F16-32B0516BBF1D}.Release|Any CPU.ActiveCfg = Release|Any CPU
		{38256CB1-E631-4CA0-8F16-32B0516BBF1D}.Release|Any CPU.Build.0 = Release|Any CPU
		{18768CCA-6160-4AC6-857E-9BA66AC95B81}.Debug|Any CPU.ActiveCfg = Debug|Any CPU
		{18768CCA-6160-4AC6-857E-9BA66AC95B81}.Debug|Any CPU.Build.0 = Debug|Any CPU
		{18768CCA-6160-4AC6-857E-9BA66AC95B81}.Release|Any CPU.ActiveCfg = Release|Any CPU
		{18768CCA-6160-4AC6-857E-9BA66AC95B81}.Release|Any CPU.Build.0 = Release|Any CPU
		{0F68C48B-C0E6-4C70-BB75-EA03079B735E}.Debug|Any CPU.ActiveCfg = Debug|Any CPU
		{0F68C48B-C0E6-4C70-BB75-EA03079B735E}.Debug|Any CPU.Build.0 = Debug|Any CPU
		{0F68C48B-C0E6-4C70-BB75-EA03079B735E}.Release|Any CPU.ActiveCfg = Release|Any CPU
		{0F68C48B-C0E6-4C70-BB75-EA03079B735E}.Release|Any CPU.Build.0 = Release|Any CPU
		{51612A97-D7E1-43FC-A5BC-D3131ED84EA6}.Debug|Any CPU.ActiveCfg = Debug|Any CPU
		{51612A97-D7E1-43FC-A5BC-D3131ED84EA6}.Debug|Any CPU.Build.0 = Debug|Any CPU
		{51612A97-D7E1-43FC-A5BC-D3131ED84EA6}.Release|Any CPU.ActiveCfg = Release|Any CPU
		{51612A97-D7E1-43FC-A5BC-D3131ED84EA6}.Release|Any CPU.Build.0 = Release|Any CPU
		{8B0CD813-C88D-4298-8786-A2D78C8BF742}.Debug|Any CPU.ActiveCfg = Debug|Any CPU
		{8B0CD813-C88D-4298-8786-A2D78C8BF742}.Debug|Any CPU.Build.0 = Debug|Any CPU
		{8B0CD813-C88D-4298-8786-A2D78C8BF742}.Release|Any CPU.ActiveCfg = Release|Any CPU
		{8B0CD813-C88D-4298-8786-A2D78C8BF742}.Release|Any CPU.Build.0 = Release|Any CPU
		{9669BBF4-9EFD-40C9-AE79-015029C81A06}.Debug|Any CPU.ActiveCfg = Debug|Any CPU
		{9669BBF4-9EFD-40C9-AE79-015029C81A06}.Debug|Any CPU.Build.0 = Debug|Any CPU
		{9669BBF4-9EFD-40C9-AE79-015029C81A06}.Release|Any CPU.ActiveCfg = Release|Any CPU
		{9669BBF4-9EFD-40C9-AE79-015029C81A06}.Release|Any CPU.Build.0 = Release|Any CPU
		{601CBAEA-F261-4B41-878C-FC48DF3079D9}.Debug|Any CPU.ActiveCfg = Debug|Any CPU
		{601CBAEA-F261-4B41-878C-FC48DF3079D9}.Debug|Any CPU.Build.0 = Debug|Any CPU
		{601CBAEA-F261-4B41-878C-FC48DF3079D9}.Release|Any CPU.ActiveCfg = Release|Any CPU
		{601CBAEA-F261-4B41-878C-FC48DF3079D9}.Release|Any CPU.Build.0 = Release|Any CPU
		{C5E5BFAD-66C1-483B-96F6-071D0217F4CD}.Debug|Any CPU.ActiveCfg = Debug|Any CPU
		{C5E5BFAD-66C1-483B-96F6-071D0217F4CD}.Debug|Any CPU.Build.0 = Debug|Any CPU
		{C5E5BFAD-66C1-483B-96F6-071D0217F4CD}.Release|Any CPU.ActiveCfg = Release|Any CPU
		{C5E5BFAD-66C1-483B-96F6-071D0217F4CD}.Release|Any CPU.Build.0 = Release|Any CPU
		{0BA47020-EEE1-4F2D-8F91-300B7F959C68}.Debug|Any CPU.ActiveCfg = Debug|Any CPU
		{0BA47020-EEE1-4F2D-8F91-300B7F959C68}.Debug|Any CPU.Build.0 = Debug|Any CPU
		{0BA47020-EEE1-4F2D-8F91-300B7F959C68}.Release|Any CPU.ActiveCfg = Release|Any CPU
		{0BA47020-EEE1-4F2D-8F91-300B7F959C68}.Release|Any CPU.Build.0 = Release|Any CPU
		{28CF4B6C-CA81-46A8-A6EB-8754FA882C4A}.Debug|Any CPU.ActiveCfg = Debug|Any CPU
		{28CF4B6C-CA81-46A8-A6EB-8754FA882C4A}.Debug|Any CPU.Build.0 = Debug|Any CPU
		{28CF4B6C-CA81-46A8-A6EB-8754FA882C4A}.Release|Any CPU.ActiveCfg = Release|Any CPU
		{28CF4B6C-CA81-46A8-A6EB-8754FA882C4A}.Release|Any CPU.Build.0 = Release|Any CPU
		{25D9B18E-B792-44CC-9E6B-A74E598B1137}.Debug|Any CPU.ActiveCfg = Debug|Any CPU
		{25D9B18E-B792-44CC-9E6B-A74E598B1137}.Debug|Any CPU.Build.0 = Debug|Any CPU
		{25D9B18E-B792-44CC-9E6B-A74E598B1137}.Release|Any CPU.ActiveCfg = Release|Any CPU
		{25D9B18E-B792-44CC-9E6B-A74E598B1137}.Release|Any CPU.Build.0 = Release|Any CPU
		{12D42633-AC95-4D5B-A7E8-73C70B9685A4}.Debug|Any CPU.ActiveCfg = Debug|Any CPU
		{12D42633-AC95-4D5B-A7E8-73C70B9685A4}.Debug|Any CPU.Build.0 = Debug|Any CPU
		{12D42633-AC95-4D5B-A7E8-73C70B9685A4}.Release|Any CPU.ActiveCfg = Release|Any CPU
		{12D42633-AC95-4D5B-A7E8-73C70B9685A4}.Release|Any CPU.Build.0 = Release|Any CPU
		{34ABE7E6-6108-4954-A54B-F2D785053EB1}.Debug|Any CPU.ActiveCfg = Debug|Any CPU
		{34ABE7E6-6108-4954-A54B-F2D785053EB1}.Debug|Any CPU.Build.0 = Debug|Any CPU
		{34ABE7E6-6108-4954-A54B-F2D785053EB1}.Release|Any CPU.ActiveCfg = Release|Any CPU
		{34ABE7E6-6108-4954-A54B-F2D785053EB1}.Release|Any CPU.Build.0 = Release|Any CPU
		{422E3B18-B078-4661-AE9C-6E65B4C7A5E3}.Debug|Any CPU.ActiveCfg = Debug|Any CPU
		{422E3B18-B078-4661-AE9C-6E65B4C7A5E3}.Debug|Any CPU.Build.0 = Debug|Any CPU
		{422E3B18-B078-4661-AE9C-6E65B4C7A5E3}.Release|Any CPU.ActiveCfg = Release|Any CPU
		{422E3B18-B078-4661-AE9C-6E65B4C7A5E3}.Release|Any CPU.Build.0 = Release|Any CPU
		{CCB55183-EAAA-45B8-807E-33B657F0B5BE}.Debug|Any CPU.ActiveCfg = Debug|Any CPU
		{CCB55183-EAAA-45B8-807E-33B657F0B5BE}.Debug|Any CPU.Build.0 = Debug|Any CPU
		{CCB55183-EAAA-45B8-807E-33B657F0B5BE}.Release|Any CPU.ActiveCfg = Release|Any CPU
		{CCB55183-EAAA-45B8-807E-33B657F0B5BE}.Release|Any CPU.Build.0 = Release|Any CPU
		{7D9928EC-62EB-4C39-A527-EA6744CEB61E}.Debug|Any CPU.ActiveCfg = Debug|Any CPU
		{7D9928EC-62EB-4C39-A527-EA6744CEB61E}.Debug|Any CPU.Build.0 = Debug|Any CPU
		{7D9928EC-62EB-4C39-A527-EA6744CEB61E}.Release|Any CPU.ActiveCfg = Release|Any CPU
		{7D9928EC-62EB-4C39-A527-EA6744CEB61E}.Release|Any CPU.Build.0 = Release|Any CPU
		{66AA1508-E947-4A80-B173-7791F2C8EE67}.Debug|Any CPU.ActiveCfg = Debug|Any CPU
		{66AA1508-E947-4A80-B173-7791F2C8EE67}.Debug|Any CPU.Build.0 = Debug|Any CPU
		{66AA1508-E947-4A80-B173-7791F2C8EE67}.Release|Any CPU.ActiveCfg = Release|Any CPU
		{66AA1508-E947-4A80-B173-7791F2C8EE67}.Release|Any CPU.Build.0 = Release|Any CPU
		{55B10366-A432-4F7C-BBE9-63C5B4499063}.Debug|Any CPU.ActiveCfg = Debug|Any CPU
		{55B10366-A432-4F7C-BBE9-63C5B4499063}.Debug|Any CPU.Build.0 = Debug|Any CPU
		{55B10366-A432-4F7C-BBE9-63C5B4499063}.Release|Any CPU.ActiveCfg = Release|Any CPU
		{55B10366-A432-4F7C-BBE9-63C5B4499063}.Release|Any CPU.Build.0 = Release|Any CPU
		{DF4582DC-946D-485C-AB6A-E7DAC1CCB8A2}.Debug|Any CPU.ActiveCfg = Debug|Any CPU
		{DF4582DC-946D-485C-AB6A-E7DAC1CCB8A2}.Debug|Any CPU.Build.0 = Debug|Any CPU
		{DF4582DC-946D-485C-AB6A-E7DAC1CCB8A2}.Release|Any CPU.ActiveCfg = Release|Any CPU
		{DF4582DC-946D-485C-AB6A-E7DAC1CCB8A2}.Release|Any CPU.Build.0 = Release|Any CPU
		{3954C523-3BB4-4E09-BABC-428F824641F1}.Debug|Any CPU.ActiveCfg = Debug|Any CPU
		{3954C523-3BB4-4E09-BABC-428F824641F1}.Debug|Any CPU.Build.0 = Debug|Any CPU
		{3954C523-3BB4-4E09-BABC-428F824641F1}.Release|Any CPU.ActiveCfg = Release|Any CPU
		{3954C523-3BB4-4E09-BABC-428F824641F1}.Release|Any CPU.Build.0 = Release|Any CPU
	EndGlobalSection
	GlobalSection(SolutionProperties) = preSolution
		HideSolutionNode = FALSE
	EndGlobalSection
	GlobalSection(ExtensibilityGlobals) = postSolution
		SolutionGuid = {50602460-4215-4E5F-812C-3B76E8CF91AC}
	EndGlobalSection
EndGlobal
