
Microsoft Visual Studio Solution File, Format Version 12.00
# Visual Studio Version 17
VisualStudioVersion = 17.10.35122.118
MinimumVisualStudioVersion = 10.0.40219.1
Project("{9A19103F-16F7-4668-BE54-9A1E7A4F7556}") = "Framework", "Framework\Framework.csproj", "{C6E1ABB6-6404-48B7-A358-DF210E2A9F33}"
EndProject
Project("{9A19103F-16F7-4668-BE54-9A1E7A4F7556}") = "PowerSupply.Abstract", "PowerSupply.Abstract\PowerSupply.Abstract.csproj", "{049CF91A-453C-4ED9-AE05-50F7F6940973}"
EndProject
Project("{9A19103F-16F7-4668-BE54-9A1E7A4F7556}") = "PowerSupply.General", "PowerSupply.General\PowerSupply.General.csproj", "{73C38474-F10A-4F50-9488-0DA00E849BE9}"
EndProject
Project("{9A19103F-16F7-4668-BE54-9A1E7A4F7556}") = "Device.Interface", "Device.Interface\Device.Interface.csproj", "{D95058B6-CC8A-43F2-9895-A450612FEC42}"
EndProject
Project("{9A19103F-16F7-4668-BE54-9A1E7A4F7556}") = "Device.Ui", "Device.Ui\Device.Ui.csproj", "{33B54412-8D42-4FD7-8424-997E8E5C8759}"
EndProject
Project("{9A19103F-16F7-4668-BE54-9A1E7A4F7556}") = "TextValidator.Ui", "TextValidator.Ui\TextValidator.Ui.csproj", "{1D681016-BF8D-490A-9034-0F103AEC60EC}"
EndProject
Project("{9A19103F-16F7-4668-BE54-9A1E7A4F7556}") = "DeviceParam.Ui", "DeviceParam.Ui\DeviceParam.Ui.csproj", "{45A7709E-CC54-4231-ABBA-AD42AC1FADFC}"
EndProject
Project("{9A19103F-16F7-4668-BE54-9A1E7A4F7556}") = "PowerSupply.Factory", "PowerSupply.Factory\PowerSupply.Factory.csproj", "{38256CB1-E631-4CA0-8F16-32B0516BBF1D}"
EndProject
Project("{FAE04EC0-301F-11D3-BF4B-00C04F79EFBC}") = "PowerSupply.App", "PowerSupply.App\PowerSupply.App.csproj", "{18768CCA-6160-4AC6-857E-9BA66AC95B81}"
EndProject
Global
	GlobalSection(SolutionConfigurationPlatforms) = preSolution
		Debug|Any CPU = Debug|Any CPU
		Release|Any CPU = Release|Any CPU
	EndGlobalSection
	GlobalSection(ProjectConfigurationPlatforms) = postSolution
		{C6E1ABB6-6404-48B7-A358-DF210E2A9F33}.Debug|Any CPU.ActiveCfg = Debug|Any CPU
		{C6E1ABB6-6404-48B7-A358-DF210E2A9F33}.Debug|Any CPU.Build.0 = Debug|Any CPU
		{C6E1ABB6-6404-48B7-A358-DF210E2A9F33}.Release|Any CPU.ActiveCfg = Release|Any CPU
		{C6E1ABB6-6404-48B7-A358-DF210E2A9F33}.Release|Any CPU.Build.0 = Release|Any CPU
		{049CF91A-453C-4ED9-AE05-50F7F6940973}.Debug|Any CPU.ActiveCfg = Debug|Any CPU
		{049CF91A-453C-4ED9-AE05-50F7F6940973}.Debug|Any CPU.Build.0 = Debug|Any CPU
		{049CF91A-453C-4ED9-AE05-50F7F6940973}.Release|Any CPU.ActiveCfg = Release|Any CPU
		{049CF91A-453C-4ED9-AE05-50F7F6940973}.Release|Any CPU.Build.0 = Release|Any CPU
		{73C38474-F10A-4F50-9488-0DA00E849BE9}.Debug|Any CPU.ActiveCfg = Debug|Any CPU
		{73C38474-F10A-4F50-9488-0DA00E849BE9}.Debug|Any CPU.Build.0 = Debug|Any CPU
		{73C38474-F10A-4F50-9488-0DA00E849BE9}.Release|Any CPU.ActiveCfg = Release|Any CPU
		{73C38474-F10A-4F50-9488-0DA00E849BE9}.Release|Any CPU.Build.0 = Release|Any CPU
		{D95058B6-CC8A-43F2-9895-A450612FEC42}.Debug|Any CPU.ActiveCfg = Debug|Any CPU
		{D95058B6-CC8A-43F2-9895-A450612FEC42}.Debug|Any CPU.Build.0 = Debug|Any CPU
		{D95058B6-CC8A-43F2-9895-A450612FEC42}.Release|Any CPU.ActiveCfg = Release|Any CPU
		{D95058B6-CC8A-43F2-9895-A450612FEC42}.Release|Any CPU.Build.0 = Release|Any CPU
		{33B54412-8D42-4FD7-8424-997E8E5C8759}.Debug|Any CPU.ActiveCfg = Debug|Any CPU
		{33B54412-8D42-4FD7-8424-997E8E5C8759}.Debug|Any CPU.Build.0 = Debug|Any CPU
		{33B54412-8D42-4FD7-8424-997E8E5C8759}.Release|Any CPU.ActiveCfg = Release|Any CPU
		{33B54412-8D42-4FD7-8424-997E8E5C8759}.Release|Any CPU.Build.0 = Release|Any CPU
		{1D681016-BF8D-490A-9034-0F103AEC60EC}.Debug|Any CPU.ActiveCfg = Debug|Any CPU
		{1D681016-BF8D-490A-9034-0F103AEC60EC}.Debug|Any CPU.Build.0 = Debug|Any CPU
		{1D681016-BF8D-490A-9034-0F103AEC60EC}.Release|Any CPU.ActiveCfg = Release|Any CPU
		{1D681016-BF8D-490A-9034-0F103AEC60EC}.Release|Any CPU.Build.0 = Release|Any CPU
		{45A7709E-CC54-4231-ABBA-AD42AC1FADFC}.Debug|Any CPU.ActiveCfg = Debug|Any CPU
		{45A7709E-CC54-4231-ABBA-AD42AC1FADFC}.Debug|Any CPU.Build.0 = Debug|Any CPU
		{45A7709E-CC54-4231-ABBA-AD42AC1FADFC}.Release|Any CPU.ActiveCfg = Release|Any CPU
		{45A7709E-CC54-4231-ABBA-AD42AC1FADFC}.Release|Any CPU.Build.0 = Release|Any CPU
		{38256CB1-E631-4CA0-8F16-32B0516BBF1D}.Debug|Any CPU.ActiveCfg = Debug|Any CPU
		{38256CB1-E631-4CA0-8F16-32B0516BBF1D}.Debug|Any CPU.Build.0 = Debug|Any CPU
		{38256CB1-E631-4CA0-8F16-32B0516BBF1D}.Release|Any CPU.ActiveCfg = Release|Any CPU
		{38256CB1-E631-4CA0-8F16-32B0516BBF1D}.Release|Any CPU.Build.0 = Release|Any CPU
		{18768CCA-6160-4AC6-857E-9BA66AC95B81}.Debug|Any CPU.ActiveCfg = Debug|Any CPU
		{18768CCA-6160-4AC6-857E-9BA66AC95B81}.Debug|Any CPU.Build.0 = Debug|Any CPU
		{18768CCA-6160-4AC6-857E-9BA66AC95B81}.Release|Any CPU.ActiveCfg = Release|Any CPU
		{18768CCA-6160-4AC6-857E-9BA66AC95B81}.Release|Any CPU.Build.0 = Release|Any CPU
	EndGlobalSection
	GlobalSection(SolutionProperties) = preSolution
		HideSolutionNode = FALSE
	EndGlobalSection
	GlobalSection(ExtensibilityGlobals) = postSolution
		SolutionGuid = {50602460-4215-4E5F-812C-3B76E8CF91AC}
	EndGlobalSection
EndGlobal
